
Microsoft Visual Studio Solution File, Format Version 12.00
# Visual Studio Version 17
VisualStudioVersion = 17.2.32602.215
MinimumVisualStudioVersion = 10.0.40219.1
Project("{FAE04EC0-301F-11D3-BF4B-00C04F79EFBC}") = "HelloWorld", "HelloWorld\HelloWorld.csproj", "{E253EC28-53FF-41BC-AB1A-53E8C0BBCBE6}"
EndProject
Project("{FAE04EC0-301F-11D3-BF4B-00C04F79EFBC}") = "Numbers", "Numbers\Numbers.csproj", "{A45B83D9-3286-4E47-A6A0-F4E128A504ED}"
EndProject
Project("{FAE04EC0-301F-11D3-BF4B-00C04F79EFBC}") = "Numbers1To20", "Numbers1To20\Numbers1To20.csproj", "{05648A38-0AEC-4651-BCAD-F79C36D7EDA4}"
EndProject
Project("{FAE04EC0-301F-11D3-BF4B-00C04F79EFBC}") = "TreeFromStars", "TreeFromStars\TreeFromStars.csproj", "{9D9CD7CB-B145-4B5C-A47D-8580495FA399}"
EndProject
Project("{FAE04EC0-301F-11D3-BF4B-00C04F79EFBC}") = "AreaOfRentagular", "AreaOfRentagular\AreaOfRentagular.csproj", "{18A4E894-B927-4CFE-B83E-345B539BA3AD}"
EndProject
Project("{FAE04EC0-301F-11D3-BF4B-00C04F79EFBC}") = "SquereOfStars", "SquereOfStars\SquereOfStars.csproj", "{7539AF87-EED2-4313-8481-85980F78FECF}"
EndProject
Global
	GlobalSection(SolutionConfigurationPlatforms) = preSolution
		Debug|Any CPU = Debug|Any CPU
		Release|Any CPU = Release|Any CPU
	EndGlobalSection
	GlobalSection(ProjectConfigurationPlatforms) = postSolution
		{E253EC28-53FF-41BC-AB1A-53E8C0BBCBE6}.Debug|Any CPU.ActiveCfg = Debug|Any CPU
		{E253EC28-53FF-41BC-AB1A-53E8C0BBCBE6}.Debug|Any CPU.Build.0 = Debug|Any CPU
		{E253EC28-53FF-41BC-AB1A-53E8C0BBCBE6}.Release|Any CPU.ActiveCfg = Release|Any CPU
		{E253EC28-53FF-41BC-AB1A-53E8C0BBCBE6}.Release|Any CPU.Build.0 = Release|Any CPU
		{A45B83D9-3286-4E47-A6A0-F4E128A504ED}.Debug|Any CPU.ActiveCfg = Debug|Any CPU
		{A45B83D9-3286-4E47-A6A0-F4E128A504ED}.Debug|Any CPU.Build.0 = Debug|Any CPU
		{A45B83D9-3286-4E47-A6A0-F4E128A504ED}.Release|Any CPU.ActiveCfg = Release|Any CPU
		{A45B83D9-3286-4E47-A6A0-F4E128A504ED}.Release|Any CPU.Build.0 = Release|Any CPU
		{05648A38-0AEC-4651-BCAD-F79C36D7EDA4}.Debug|Any CPU.ActiveCfg = Debug|Any CPU
		{05648A38-0AEC-4651-BCAD-F79C36D7EDA4}.Debug|Any CPU.Build.0 = Debug|Any CPU
		{05648A38-0AEC-4651-BCAD-F79C36D7EDA4}.Release|Any CPU.ActiveCfg = Release|Any CPU
		{05648A38-0AEC-4651-BCAD-F79C36D7EDA4}.Release|Any CPU.Build.0 = Release|Any CPU
		{9D9CD7CB-B145-4B5C-A47D-8580495FA399}.Debug|Any CPU.ActiveCfg = Debug|Any CPU
		{9D9CD7CB-B145-4B5C-A47D-8580495FA399}.Debug|Any CPU.Build.0 = Debug|Any CPU
		{9D9CD7CB-B145-4B5C-A47D-8580495FA399}.Release|Any CPU.ActiveCfg = Release|Any CPU
		{9D9CD7CB-B145-4B5C-A47D-8580495FA399}.Release|Any CPU.Build.0 = Release|Any CPU
		{18A4E894-B927-4CFE-B83E-345B539BA3AD}.Debug|Any CPU.ActiveCfg = Debug|Any CPU
		{18A4E894-B927-4CFE-B83E-345B539BA3AD}.Debug|Any CPU.Build.0 = Debug|Any CPU
		{18A4E894-B927-4CFE-B83E-345B539BA3AD}.Release|Any CPU.ActiveCfg = Release|Any CPU
		{18A4E894-B927-4CFE-B83E-345B539BA3AD}.Release|Any CPU.Build.0 = Release|Any CPU
		{7539AF87-EED2-4313-8481-85980F78FECF}.Debug|Any CPU.ActiveCfg = Debug|Any CPU
		{7539AF87-EED2-4313-8481-85980F78FECF}.Debug|Any CPU.Build.0 = Debug|Any CPU
		{7539AF87-EED2-4313-8481-85980F78FECF}.Release|Any CPU.ActiveCfg = Release|Any CPU
		{7539AF87-EED2-4313-8481-85980F78FECF}.Release|Any CPU.Build.0 = Release|Any CPU
	EndGlobalSection
	GlobalSection(SolutionProperties) = preSolution
		HideSolutionNode = FALSE
	EndGlobalSection
	GlobalSection(ExtensibilityGlobals) = postSolution
		SolutionGuid = {92BA3AE6-821D-44EE-B5A4-822A1ED93960}
	EndGlobalSection
EndGlobal
