
Microsoft Visual Studio Solution File, Format Version 12.00
# Visual Studio Version 17
VisualStudioVersion = 17.2.32602.215
MinimumVisualStudioVersion = 10.0.40219.1
Project("{FAE04EC0-301F-11D3-BF4B-00C04F79EFBC}") = "Loop", "Loop\Loop.csproj", "{D94729F5-364B-4CD0-BD2C-B35EDF3BDFD9}"
EndProject
Project("{FAE04EC0-301F-11D3-BF4B-00C04F79EFBC}") = "NumbersEnding7", "NumbersEnding7\NumbersEnding7.csproj", "{48CAC668-8358-43B1-84FD-A8CF5AFBEAFE}"
EndProject
Project("{FAE04EC0-301F-11D3-BF4B-00C04F79EFBC}") = "LatinLetters", "LatinLetters\LatinLetters.csproj", "{66A8918F-8618-4BD5-9614-3087D7BD2F72}"
EndProject
Project("{FAE04EC0-301F-11D3-BF4B-00C04F79EFBC}") = "SumOfNumbers", "SumOfNumbers\SumOfNumbers.csproj", "{0CB64BA0-37CF-44B9-A651-FC0F06042AC5}"
EndProject
Project("{FAE04EC0-301F-11D3-BF4B-00C04F79EFBC}") = "MaxNumber", "MaxNumber\MaxNumber.csproj", "{E4D11DB8-44AB-4304-8326-2A808D38B5A9}"
EndProject
Project("{FAE04EC0-301F-11D3-BF4B-00C04F79EFBC}") = "MinNumber", "MinNumber\MinNumber.csproj", "{EA6ED9F5-510E-466F-A031-99B6FAE6E059}"
EndProject
Project("{FAE04EC0-301F-11D3-BF4B-00C04F79EFBC}") = "LeftRightSum", "LeftRightSum\LeftRightSum.csproj", "{F8D8E0BC-CA31-4AF2-ABBB-72B0EDD29BB9}"
EndProject
Project("{FAE04EC0-301F-11D3-BF4B-00C04F79EFBC}") = "EvenOddSums", "EvenOddSums\EvenOddSums.csproj", "{46A55EA6-B5A6-4300-B99D-924632CB6F94}"
EndProject
Project("{FAE04EC0-301F-11D3-BF4B-00C04F79EFBC}") = "EqualCouples", "EqualCouples\EqualCouples.csproj", "{45ACE57F-12FD-4F57-B8BA-D0974214D586}"
EndProject
Project("{FAE04EC0-301F-11D3-BF4B-00C04F79EFBC}") = "UnitConverter", "UnitConverter\UnitConverter.csproj", "{DDB5B363-B244-4E5E-BFA3-072FF95900D2}"
EndProject
Project("{FAE04EC0-301F-11D3-BF4B-00C04F79EFBC}") = "SumOfTheOthers", "SumOfTheOthers\SumOfTheOthers.csproj", "{06A4BFCA-FE27-4B29-A6CD-7FDF59F0693E}"
EndProject
Project("{FAE04EC0-301F-11D3-BF4B-00C04F79EFBC}") = "RectangleOf10x10Stars", "RectangleOf10x10Stars\RectangleOf10x10Stars.csproj", "{BB1E525D-4610-4C4C-9B17-DDFCD0AFA444}"
EndProject
Project("{FAE04EC0-301F-11D3-BF4B-00C04F79EFBC}") = "RectangleOfNxNStars", "RectangleOfNxNStars\RectangleOfNxNStars.csproj", "{B2A9A426-75B5-4054-BB68-727CD5CC04F0}"
EndProject
Project("{FAE04EC0-301F-11D3-BF4B-00C04F79EFBC}") = "TriangleOfDollar", "TriangleOfDollar\TriangleOfDollar.csproj", "{0F9E59F3-E10D-4D41-A7B4-E86437FDB831}"
EndProject
Project("{FAE04EC0-301F-11D3-BF4B-00C04F79EFBC}") = "SquareFrame", "SquareFrame\SquareFrame.csproj", "{51C4978B-2165-4E8F-8CB5-A26FD7ED590A}"
EndProject
Global
	GlobalSection(SolutionConfigurationPlatforms) = preSolution
		Debug|Any CPU = Debug|Any CPU
		Release|Any CPU = Release|Any CPU
	EndGlobalSection
	GlobalSection(ProjectConfigurationPlatforms) = postSolution
		{D94729F5-364B-4CD0-BD2C-B35EDF3BDFD9}.Debug|Any CPU.ActiveCfg = Debug|Any CPU
		{D94729F5-364B-4CD0-BD2C-B35EDF3BDFD9}.Debug|Any CPU.Build.0 = Debug|Any CPU
		{D94729F5-364B-4CD0-BD2C-B35EDF3BDFD9}.Release|Any CPU.ActiveCfg = Release|Any CPU
		{D94729F5-364B-4CD0-BD2C-B35EDF3BDFD9}.Release|Any CPU.Build.0 = Release|Any CPU
		{48CAC668-8358-43B1-84FD-A8CF5AFBEAFE}.Debug|Any CPU.ActiveCfg = Debug|Any CPU
		{48CAC668-8358-43B1-84FD-A8CF5AFBEAFE}.Debug|Any CPU.Build.0 = Debug|Any CPU
		{48CAC668-8358-43B1-84FD-A8CF5AFBEAFE}.Release|Any CPU.ActiveCfg = Release|Any CPU
		{48CAC668-8358-43B1-84FD-A8CF5AFBEAFE}.Release|Any CPU.Build.0 = Release|Any CPU
		{66A8918F-8618-4BD5-9614-3087D7BD2F72}.Debug|Any CPU.ActiveCfg = Debug|Any CPU
		{66A8918F-8618-4BD5-9614-3087D7BD2F72}.Debug|Any CPU.Build.0 = Debug|Any CPU
		{66A8918F-8618-4BD5-9614-3087D7BD2F72}.Release|Any CPU.ActiveCfg = Release|Any CPU
		{66A8918F-8618-4BD5-9614-3087D7BD2F72}.Release|Any CPU.Build.0 = Release|Any CPU
		{0CB64BA0-37CF-44B9-A651-FC0F06042AC5}.Debug|Any CPU.ActiveCfg = Debug|Any CPU
		{0CB64BA0-37CF-44B9-A651-FC0F06042AC5}.Debug|Any CPU.Build.0 = Debug|Any CPU
		{0CB64BA0-37CF-44B9-A651-FC0F06042AC5}.Release|Any CPU.ActiveCfg = Release|Any CPU
		{0CB64BA0-37CF-44B9-A651-FC0F06042AC5}.Release|Any CPU.Build.0 = Release|Any CPU
		{E4D11DB8-44AB-4304-8326-2A808D38B5A9}.Debug|Any CPU.ActiveCfg = Debug|Any CPU
		{E4D11DB8-44AB-4304-8326-2A808D38B5A9}.Debug|Any CPU.Build.0 = Debug|Any CPU
		{E4D11DB8-44AB-4304-8326-2A808D38B5A9}.Release|Any CPU.ActiveCfg = Release|Any CPU
		{E4D11DB8-44AB-4304-8326-2A808D38B5A9}.Release|Any CPU.Build.0 = Release|Any CPU
		{EA6ED9F5-510E-466F-A031-99B6FAE6E059}.Debug|Any CPU.ActiveCfg = Debug|Any CPU
		{EA6ED9F5-510E-466F-A031-99B6FAE6E059}.Debug|Any CPU.Build.0 = Debug|Any CPU
		{EA6ED9F5-510E-466F-A031-99B6FAE6E059}.Release|Any CPU.ActiveCfg = Release|Any CPU
		{EA6ED9F5-510E-466F-A031-99B6FAE6E059}.Release|Any CPU.Build.0 = Release|Any CPU
		{F8D8E0BC-CA31-4AF2-ABBB-72B0EDD29BB9}.Debug|Any CPU.ActiveCfg = Debug|Any CPU
		{F8D8E0BC-CA31-4AF2-ABBB-72B0EDD29BB9}.Debug|Any CPU.Build.0 = Debug|Any CPU
		{F8D8E0BC-CA31-4AF2-ABBB-72B0EDD29BB9}.Release|Any CPU.ActiveCfg = Release|Any CPU
		{F8D8E0BC-CA31-4AF2-ABBB-72B0EDD29BB9}.Release|Any CPU.Build.0 = Release|Any CPU
		{46A55EA6-B5A6-4300-B99D-924632CB6F94}.Debug|Any CPU.ActiveCfg = Debug|Any CPU
		{46A55EA6-B5A6-4300-B99D-924632CB6F94}.Debug|Any CPU.Build.0 = Debug|Any CPU
		{46A55EA6-B5A6-4300-B99D-924632CB6F94}.Release|Any CPU.ActiveCfg = Release|Any CPU
		{46A55EA6-B5A6-4300-B99D-924632CB6F94}.Release|Any CPU.Build.0 = Release|Any CPU
		{45ACE57F-12FD-4F57-B8BA-D0974214D586}.Debug|Any CPU.ActiveCfg = Debug|Any CPU
		{45ACE57F-12FD-4F57-B8BA-D0974214D586}.Debug|Any CPU.Build.0 = Debug|Any CPU
		{45ACE57F-12FD-4F57-B8BA-D0974214D586}.Release|Any CPU.ActiveCfg = Release|Any CPU
		{45ACE57F-12FD-4F57-B8BA-D0974214D586}.Release|Any CPU.Build.0 = Release|Any CPU
		{DDB5B363-B244-4E5E-BFA3-072FF95900D2}.Debug|Any CPU.ActiveCfg = Debug|Any CPU
		{DDB5B363-B244-4E5E-BFA3-072FF95900D2}.Debug|Any CPU.Build.0 = Debug|Any CPU
		{DDB5B363-B244-4E5E-BFA3-072FF95900D2}.Release|Any CPU.ActiveCfg = Release|Any CPU
		{DDB5B363-B244-4E5E-BFA3-072FF95900D2}.Release|Any CPU.Build.0 = Release|Any CPU
		{06A4BFCA-FE27-4B29-A6CD-7FDF59F0693E}.Debug|Any CPU.ActiveCfg = Debug|Any CPU
		{06A4BFCA-FE27-4B29-A6CD-7FDF59F0693E}.Debug|Any CPU.Build.0 = Debug|Any CPU
		{06A4BFCA-FE27-4B29-A6CD-7FDF59F0693E}.Release|Any CPU.ActiveCfg = Release|Any CPU
		{06A4BFCA-FE27-4B29-A6CD-7FDF59F0693E}.Release|Any CPU.Build.0 = Release|Any CPU
		{BB1E525D-4610-4C4C-9B17-DDFCD0AFA444}.Debug|Any CPU.ActiveCfg = Debug|Any CPU
		{BB1E525D-4610-4C4C-9B17-DDFCD0AFA444}.Debug|Any CPU.Build.0 = Debug|Any CPU
		{BB1E525D-4610-4C4C-9B17-DDFCD0AFA444}.Release|Any CPU.ActiveCfg = Release|Any CPU
		{BB1E525D-4610-4C4C-9B17-DDFCD0AFA444}.Release|Any CPU.Build.0 = Release|Any CPU
		{B2A9A426-75B5-4054-BB68-727CD5CC04F0}.Debug|Any CPU.ActiveCfg = Debug|Any CPU
		{B2A9A426-75B5-4054-BB68-727CD5CC04F0}.Debug|Any CPU.Build.0 = Debug|Any CPU
		{B2A9A426-75B5-4054-BB68-727CD5CC04F0}.Release|Any CPU.ActiveCfg = Release|Any CPU
		{B2A9A426-75B5-4054-BB68-727CD5CC04F0}.Release|Any CPU.Build.0 = Release|Any CPU
		{0F9E59F3-E10D-4D41-A7B4-E86437FDB831}.Debug|Any CPU.ActiveCfg = Debug|Any CPU
		{0F9E59F3-E10D-4D41-A7B4-E86437FDB831}.Debug|Any CPU.Build.0 = Debug|Any CPU
		{0F9E59F3-E10D-4D41-A7B4-E86437FDB831}.Release|Any CPU.ActiveCfg = Release|Any CPU
		{0F9E59F3-E10D-4D41-A7B4-E86437FDB831}.Release|Any CPU.Build.0 = Release|Any CPU
		{51C4978B-2165-4E8F-8CB5-A26FD7ED590A}.Debug|Any CPU.ActiveCfg = Debug|Any CPU
		{51C4978B-2165-4E8F-8CB5-A26FD7ED590A}.Debug|Any CPU.Build.0 = Debug|Any CPU
		{51C4978B-2165-4E8F-8CB5-A26FD7ED590A}.Release|Any CPU.ActiveCfg = Release|Any CPU
		{51C4978B-2165-4E8F-8CB5-A26FD7ED590A}.Release|Any CPU.Build.0 = Release|Any CPU
	EndGlobalSection
	GlobalSection(SolutionProperties) = preSolution
		HideSolutionNode = FALSE
	EndGlobalSection
	GlobalSection(ExtensibilityGlobals) = postSolution
		SolutionGuid = {37B6DDB0-FF2D-4F82-89B8-99F38DCB4EE9}
	EndGlobalSection
EndGlobal
